{
  "requires": true,
  "lockfileVersion": 1,
  "dependencies": {
    "@rxdi/lit-html": {
      "version": "0.7.18",
      "resolved": "https://registry.npmjs.org/@rxdi/lit-html/-/lit-html-0.7.18.tgz",
      "integrity": "sha512-i0qDKCvZxVXxIrOKUe6ODsEG9Ft0CT80FIxtdLsIbk496uvSEE6WeN9tsETD6tFaZ8sjwVATuDpPlRnlQc5FbA=="
    }
  }
}
