{
  "requires": true,
  "lockfileVersion": 1,
  "dependencies": {
    "@rxdi/lit-html": {
      "version": "0.7.17",
      "resolved": "https://registry.npmjs.org/@rxdi/lit-html/-/lit-html-0.7.17.tgz",
      "integrity": "sha512-BVGLOOXghECDTfncB7NHTIdsOsa1xHkksSsLh/qaAlrk2/IhRmMF6qQhRRIlxldAqCXPVYTFwCZdt+yj8hEtFQ=="
    }
  }
}
